// !$*UTF8*$!
{
	archiveVersion = 1;
	classes = {
	};
	objectVersion = 46;
	objects = {

/* Begin PBXBuildFile section */
		05BB5BD785CF8966F2B9DC89 /* Pods_OriginateTheme_Example.framework in Frameworks */ = {isa = PBXBuildFile; fileRef = B5277AD0513944EB252C4EC4 /* Pods_OriginateTheme_Example.framework */; };
		F966856A1CDD07D600D82A20 /* OriginateTheme.podspec in Resources */ = {isa = PBXBuildFile; fileRef = F96685671CDD07D600D82A20 /* OriginateTheme.podspec */; };
		F96685791CDD07E600D82A20 /* AppDelegate.m in Sources */ = {isa = PBXBuildFile; fileRef = F966856D1CDD07E600D82A20 /* AppDelegate.m */; };
		F966857A1CDD07E600D82A20 /* LaunchScreen.xib in Resources */ = {isa = PBXBuildFile; fileRef = F966856F1CDD07E600D82A20 /* LaunchScreen.xib */; };
		F966857B1CDD07E600D82A20 /* Images.xcassets in Resources */ = {isa = PBXBuildFile; fileRef = F96685711CDD07E600D82A20 /* Images.xcassets */; };
		F966857D1CDD07E600D82A20 /* main.m in Sources */ = {isa = PBXBuildFile; fileRef = F96685731CDD07E600D82A20 /* main.m */; };
		F966857E1CDD07E600D82A20 /* MyThemableViewController.m in Sources */ = {isa = PBXBuildFile; fileRef = F96685751CDD07E600D82A20 /* MyThemableViewController.m */; };
		F966857F1CDD07E600D82A20 /* MyTheme.m in Sources */ = {isa = PBXBuildFile; fileRef = F96685771CDD07E600D82A20 /* MyTheme.m */; };
		F96685801CDD07E600D82A20 /* StyleDefinition.json in Resources */ = {isa = PBXBuildFile; fileRef = F96685781CDD07E600D82A20 /* StyleDefinition.json */; };
/* End PBXBuildFile section */

/* Begin PBXFileReference section */
		32C57D80304FC228E215CCF3 /* Pods-OriginateTheme-Example.release.xcconfig */ = {isa = PBXFileReference; includeInIndex = 1; lastKnownFileType = text.xcconfig; name = "Pods-OriginateTheme-Example.release.xcconfig"; path = "Pods/Target Support Files/Pods-OriginateTheme-Example/Pods-OriginateTheme-Example.release.xcconfig"; sourceTree = "<group>"; };
		B5277AD0513944EB252C4EC4 /* Pods_OriginateTheme_Example.framework */ = {isa = PBXFileReference; explicitFileType = wrapper.framework; includeInIndex = 0; path = Pods_OriginateTheme_Example.framework; sourceTree = BUILT_PRODUCTS_DIR; };
		F96685661CDD07D600D82A20 /* LICENSE */ = {isa = PBXFileReference; fileEncoding = 4; lastKnownFileType = text; name = LICENSE; path = ../LICENSE; sourceTree = "<group>"; };
		F96685671CDD07D600D82A20 /* OriginateTheme.podspec */ = {isa = PBXFileReference; fileEncoding = 4; lastKnownFileType = text; name = OriginateTheme.podspec; path = ../OriginateTheme.podspec; sourceTree = "<group>"; };
		F96685681CDD07D600D82A20 /* README.md */ = {isa = PBXFileReference; fileEncoding = 4; lastKnownFileType = net.daringfireball.markdown; name = README.md; path = ../README.md; sourceTree = "<group>"; };
		F966856C1CDD07E600D82A20 /* AppDelegate.h */ = {isa = PBXFileReference; fileEncoding = 4; lastKnownFileType = sourcecode.c.h; path = AppDelegate.h; sourceTree = "<group>"; };
		F966856D1CDD07E600D82A20 /* AppDelegate.m */ = {isa = PBXFileReference; fileEncoding = 4; lastKnownFileType = sourcecode.c.objc; path = AppDelegate.m; sourceTree = "<group>"; };
		F96685701CDD07E600D82A20 /* Base */ = {isa = PBXFileReference; lastKnownFileType = file.xib; name = Base; path = LaunchScreen.xib; sourceTree = "<group>"; };
		F96685711CDD07E600D82A20 /* Images.xcassets */ = {isa = PBXFileReference; lastKnownFileType = folder.assetcatalog; path = Images.xcassets; sourceTree = "<group>"; };
		F96685721CDD07E600D82A20 /* Info.plist */ = {isa = PBXFileReference; fileEncoding = 4; lastKnownFileType = text.plist.xml; path = Info.plist; sourceTree = "<group>"; };
		F96685731CDD07E600D82A20 /* main.m */ = {isa = PBXFileReference; fileEncoding = 4; lastKnownFileType = sourcecode.c.objc; path = main.m; sourceTree = "<group>"; };
		F96685741CDD07E600D82A20 /* MyThemableViewController.h */ = {isa = PBXFileReference; fileEncoding = 4; lastKnownFileType = sourcecode.c.h; path = MyThemableViewController.h; sourceTree = "<group>"; };
		F96685751CDD07E600D82A20 /* MyThemableViewController.m */ = {isa = PBXFileReference; fileEncoding = 4; lastKnownFileType = sourcecode.c.objc; path = MyThemableViewController.m; sourceTree = "<group>"; };
		F96685761CDD07E600D82A20 /* MyTheme.h */ = {isa = PBXFileReference; fileEncoding = 4; lastKnownFileType = sourcecode.c.h; path = MyTheme.h; sourceTree = "<group>"; };
		F96685771CDD07E600D82A20 /* MyTheme.m */ = {isa = PBXFileReference; fileEncoding = 4; lastKnownFileType = sourcecode.c.objc; path = MyTheme.m; sourceTree = "<group>"; };
		F96685781CDD07E600D82A20 /* StyleDefinition.json */ = {isa = PBXFileReference; fileEncoding = 4; lastKnownFileType = text.json; path = StyleDefinition.json; sourceTree = "<group>"; };
		F96B54201BB18B9D004B884D /* OriginateTheme-Example.app */ = {isa = PBXFileReference; explicitFileType = wrapper.application; includeInIndex = 0; path = "OriginateTheme-Example.app"; sourceTree = BUILT_PRODUCTS_DIR; };
		FA112E9E3E8CBEC0B00ACFEC /* Pods-OriginateTheme-Example.debug.xcconfig */ = {isa = PBXFileReference; includeInIndex = 1; lastKnownFileType = text.xcconfig; name = "Pods-OriginateTheme-Example.debug.xcconfig"; path = "Pods/Target Support Files/Pods-OriginateTheme-Example/Pods-OriginateTheme-Example.debug.xcconfig"; sourceTree = "<group>"; };
/* End PBXFileReference section */

/* Begin PBXFrameworksBuildPhase section */
		F96B541D1BB18B9D004B884D /* Frameworks */ = {
			isa = PBXFrameworksBuildPhase;
			buildActionMask = 2147483647;
			files = (
				05BB5BD785CF8966F2B9DC89 /* Pods_OriginateTheme_Example.framework in Frameworks */,
			);
			runOnlyForDeploymentPostprocessing = 0;
		};
/* End PBXFrameworksBuildPhase section */

/* Begin PBXGroup section */
		0BAD4DD41C7F7AC5C6158FA3 /* Frameworks */ = {
			isa = PBXGroup;
			children = (
				B5277AD0513944EB252C4EC4 /* Pods_OriginateTheme_Example.framework */,
			);
			name = Frameworks;
			sourceTree = "<group>";
		};
		15AB7F50236395627592E883 /* Pods */ = {
			isa = PBXGroup;
			children = (
				FA112E9E3E8CBEC0B00ACFEC /* Pods-OriginateTheme-Example.debug.xcconfig */,
				32C57D80304FC228E215CCF3 /* Pods-OriginateTheme-Example.release.xcconfig */,
			);
			name = Pods;
			sourceTree = "<group>";
		};
		F90ED7CD1BB1BEEB008A7295 /* Podspec Metadata */ = {
			isa = PBXGroup;
			children = (
				F96685661CDD07D600D82A20 /* LICENSE */,
				F96685671CDD07D600D82A20 /* OriginateTheme.podspec */,
				F96685681CDD07D600D82A20 /* README.md */,
			);
			name = "Podspec Metadata";
			sourceTree = "<group>";
		};
		F966856E1CDD07E600D82A20 /* Base.lproj */ = {
			isa = PBXGroup;
			children = (
				F966856F1CDD07E600D82A20 /* LaunchScreen.xib */,
			);
			path = Base.lproj;
			sourceTree = "<group>";
		};
		F96685811CDD080A00D82A20 /* Resources */ = {
			isa = PBXGroup;
			children = (
				F966856E1CDD07E600D82A20 /* Base.lproj */,
				F96685711CDD07E600D82A20 /* Images.xcassets */,
				F96685721CDD07E600D82A20 /* Info.plist */,
			);
			name = Resources;
			sourceTree = "<group>";
		};
		F96685821CDD081100D82A20 /* Supporting Files */ = {
			isa = PBXGroup;
			children = (
				F96685731CDD07E600D82A20 /* main.m */,
			);
			name = "Supporting Files";
			sourceTree = "<group>";
		};
		F96B54171BB18B9D004B884D = {
			isa = PBXGroup;
			children = (
				F90ED7CD1BB1BEEB008A7295 /* Podspec Metadata */,
				F96B54221BB18B9D004B884D /* OriginateTheme */,
				F96B54211BB18B9D004B884D /* Products */,
				15AB7F50236395627592E883 /* Pods */,
				0BAD4DD41C7F7AC5C6158FA3 /* Frameworks */,
			);
			sourceTree = "<group>";
		};
		F96B54211BB18B9D004B884D /* Products */ = {
			isa = PBXGroup;
			children = (
				F96B54201BB18B9D004B884D /* OriginateTheme-Example.app */,
			);
			name = Products;
			sourceTree = "<group>";
		};
		F96B54221BB18B9D004B884D /* OriginateTheme */ = {
			isa = PBXGroup;
			children = (
				F966856C1CDD07E600D82A20 /* AppDelegate.h */,
				F966856D1CDD07E600D82A20 /* AppDelegate.m */,
				F96685741CDD07E600D82A20 /* MyThemableViewController.h */,
				F96685751CDD07E600D82A20 /* MyThemableViewController.m */,
				F96685761CDD07E600D82A20 /* MyTheme.h */,
				F96685771CDD07E600D82A20 /* MyTheme.m */,
				F96685781CDD07E600D82A20 /* StyleDefinition.json */,
				F96685811CDD080A00D82A20 /* Resources */,
				F96685821CDD081100D82A20 /* Supporting Files */,
			);
			path = OriginateTheme;
			sourceTree = "<group>";
		};
/* End PBXGroup section */

/* Begin PBXNativeTarget section */
		F96B541F1BB18B9D004B884D /* OriginateTheme-Example */ = {
			isa = PBXNativeTarget;
			buildConfigurationList = F96B54431BB18B9D004B884D /* Build configuration list for PBXNativeTarget "OriginateTheme-Example" */;
			buildPhases = (
				B2946FF817D674572FEA2728 /* [CP] Check Pods Manifest.lock */,
				F96B541C1BB18B9D004B884D /* Sources */,
				F96B541D1BB18B9D004B884D /* Frameworks */,
				F96B541E1BB18B9D004B884D /* Resources */,
				BC1DCEFB39708B91082CF554 /* [CP] Embed Pods Frameworks */,
				E5215FCB6D988D710E3E85D3 /* [CP] Copy Pods Resources */,
			);
			buildRules = (
			);
			dependencies = (
			);
			name = "OriginateTheme-Example";
			productName = OriginateTheme;
			productReference = F96B54201BB18B9D004B884D /* OriginateTheme-Example.app */;
			productType = "com.apple.product-type.application";
		};
/* End PBXNativeTarget section */

/* Begin PBXProject section */
		F96B54181BB18B9D004B884D /* Project object */ = {
			isa = PBXProject;
			attributes = {
				LastUpgradeCheck = 0700;
				ORGANIZATIONNAME = originate.com;
				TargetAttributes = {
					F96B541F1BB18B9D004B884D = {
						CreatedOnToolsVersion = 6.4;
					};
				};
			};
			buildConfigurationList = F96B541B1BB18B9D004B884D /* Build configuration list for PBXProject "OriginateTheme" */;
			compatibilityVersion = "Xcode 3.2";
			developmentRegion = English;
			hasScannedForEncodings = 0;
			knownRegions = (
				en,
				Base,
			);
			mainGroup = F96B54171BB18B9D004B884D;
			productRefGroup = F96B54211BB18B9D004B884D /* Products */;
			projectDirPath = "";
			projectRoot = "";
			targets = (
				F96B541F1BB18B9D004B884D /* OriginateTheme-Example */,
			);
		};
/* End PBXProject section */

/* Begin PBXResourcesBuildPhase section */
		F96B541E1BB18B9D004B884D /* Resources */ = {
			isa = PBXResourcesBuildPhase;
			buildActionMask = 2147483647;
			files = (
				F96685801CDD07E600D82A20 /* StyleDefinition.json in Resources */,
				F966856A1CDD07D600D82A20 /* OriginateTheme.podspec in Resources */,
				F966857B1CDD07E600D82A20 /* Images.xcassets in Resources */,
				F966857A1CDD07E600D82A20 /* LaunchScreen.xib in Resources */,
			);
			runOnlyForDeploymentPostprocessing = 0;
		};
/* End PBXResourcesBuildPhase section */

/* Begin PBXShellScriptBuildPhase section */
		B2946FF817D674572FEA2728 /* [CP] Check Pods Manifest.lock */ = {
			isa = PBXShellScriptBuildPhase;
			buildActionMask = 2147483647;
			files = (
			);
			inputPaths = (
			);
			name = "[CP] Check Pods Manifest.lock";
			outputPaths = (
			);
			runOnlyForDeploymentPostprocessing = 0;
			shellPath = /bin/sh;
			shellScript = "diff \"${PODS_ROOT}/../Podfile.lock\" \"${PODS_ROOT}/Manifest.lock\" > /dev/null\nif [[ $? != 0 ]] ; then\n    cat << EOM\nerror: The sandbox is not in sync with the Podfile.lock. Run 'pod install' or update your CocoaPods installation.\nEOM\n    exit 1\nfi\n";
			showEnvVarsInLog = 0;
		};
		BC1DCEFB39708B91082CF554 /* [CP] Embed Pods Frameworks */ = {
			isa = PBXShellScriptBuildPhase;
			buildActionMask = 2147483647;
			files = (
			);
			inputPaths = (
			);
			name = "[CP] Embed Pods Frameworks";
			outputPaths = (
			);
			runOnlyForDeploymentPostprocessing = 0;
			shellPath = /bin/sh;
			shellScript = "\"${SRCROOT}/Pods/Target Support Files/Pods-OriginateTheme-Example/Pods-OriginateTheme-Example-frameworks.sh\"\n";
			showEnvVarsInLog = 0;
		};
		E5215FCB6D988D710E3E85D3 /* [CP] Copy Pods Resources */ = {
			isa = PBXShellScriptBuildPhase;
			buildActionMask = 2147483647;
			files = (
			);
			inputPaths = (
			);
			name = "[CP] Copy Pods Resources";
			outputPaths = (
			);
			runOnlyForDeploymentPostprocessing = 0;
			shellPath = /bin/sh;
			shellScript = "\"${SRCROOT}/Pods/Target Support Files/Pods-OriginateTheme-Example/Pods-OriginateTheme-Example-resources.sh\"\n";
			showEnvVarsInLog = 0;
		};
/* End PBXShellScriptBuildPhase section */

/* Begin PBXSourcesBuildPhase section */
		F96B541C1BB18B9D004B884D /* Sources */ = {
			isa = PBXSourcesBuildPhase;
			buildActionMask = 2147483647;
			files = (
				F966857E1CDD07E600D82A20 /* MyThemableViewController.m in Sources */,
				F96685791CDD07E600D82A20 /* AppDelegate.m in Sources */,
				F966857F1CDD07E600D82A20 /* MyTheme.m in Sources */,
				F966857D1CDD07E600D82A20 /* main.m in Sources */,
			);
			runOnlyForDeploymentPostprocessing = 0;
		};
/* End PBXSourcesBuildPhase section */

/* Begin PBXVariantGroup section */
		F966856F1CDD07E600D82A20 /* LaunchScreen.xib */ = {
			isa = PBXVariantGroup;
			children = (
				F96685701CDD07E600D82A20 /* Base */,
			);
			name = LaunchScreen.xib;
			sourceTree = "<group>";
		};
/* End PBXVariantGroup section */

/* Begin XCBuildConfiguration section */
		F96B54411BB18B9D004B884D /* Debug */ = {
			isa = XCBuildConfiguration;
			buildSettings = {
				ALWAYS_SEARCH_USER_PATHS = NO;
				CLANG_CXX_LANGUAGE_STANDARD = "gnu++0x";
				CLANG_CXX_LIBRARY = "libc++";
				CLANG_ENABLE_MODULES = YES;
				CLANG_ENABLE_OBJC_ARC = YES;
				CLANG_WARN_BOOL_CONVERSION = YES;
				CLANG_WARN_CONSTANT_CONVERSION = YES;
				CLANG_WARN_DIRECT_OBJC_ISA_USAGE = YES_ERROR;
				CLANG_WARN_EMPTY_BODY = YES;
				CLANG_WARN_ENUM_CONVERSION = YES;
				CLANG_WARN_INT_CONVERSION = YES;
				CLANG_WARN_OBJC_ROOT_CLASS = YES_ERROR;
				CLANG_WARN_UNREACHABLE_CODE = YES;
				CLANG_WARN__DUPLICATE_METHOD_MATCH = YES;
				"CODE_SIGN_IDENTITY[sdk=iphoneos*]" = "iPhone Developer";
				COPY_PHASE_STRIP = NO;
				DEBUG_INFORMATION_FORMAT = "dwarf-with-dsym";
				ENABLE_STRICT_OBJC_MSGSEND = YES;
				ENABLE_TESTABILITY = YES;
				GCC_C_LANGUAGE_STANDARD = gnu99;
				GCC_DYNAMIC_NO_PIC = NO;
				GCC_NO_COMMON_BLOCKS = YES;
				GCC_OPTIMIZATION_LEVEL = 0;
				GCC_PREPROCESSOR_DEFINITIONS = (
					"DEBUG=1",
					"$(inherited)",
				);
				GCC_SYMBOLS_PRIVATE_EXTERN = NO;
				GCC_WARN_64_TO_32_BIT_CONVERSION = YES;
				GCC_WARN_ABOUT_MISSING_NEWLINE = YES;
				GCC_WARN_ABOUT_RETURN_TYPE = YES_ERROR;
				GCC_WARN_UNDECLARED_SELECTOR = YES;
				GCC_WARN_UNINITIALIZED_AUTOS = YES_AGGRESSIVE;
				GCC_WARN_UNUSED_FUNCTION = YES;
				GCC_WARN_UNUSED_VARIABLE = YES;
				IPHONEOS_DEPLOYMENT_TARGET = 8.0;
				MTL_ENABLE_DEBUG_INFO = YES;
				ONLY_ACTIVE_ARCH = YES;
				SDKROOT = iphoneos;
				TARGETED_DEVICE_FAMILY = "1,2";
			};
			name = Debug;
		};
		F96B54421BB18B9D004B884D /* Release */ = {
			isa = XCBuildConfiguration;
			buildSettings = {
				ALWAYS_SEARCH_USER_PATHS = NO;
				CLANG_CXX_LANGUAGE_STANDARD = "gnu++0x";
				CLANG_CXX_LIBRARY = "libc++";
				CLANG_ENABLE_MODULES = YES;
				CLANG_ENABLE_OBJC_ARC = YES;
				CLANG_WARN_BOOL_CONVERSION = YES;
				CLANG_WARN_CONSTANT_CONVERSION = YES;
				CLANG_WARN_DIRECT_OBJC_ISA_USAGE = YES_ERROR;
				CLANG_WARN_EMPTY_BODY = YES;
				CLANG_WARN_ENUM_CONVERSION = YES;
				CLANG_WARN_INT_CONVERSION = YES;
				CLANG_WARN_OBJC_ROOT_CLASS = YES_ERROR;
				CLANG_WARN_UNREACHABLE_CODE = YES;
				CLANG_WARN__DUPLICATE_METHOD_MATCH = YES;
				"CODE_SIGN_IDENTITY[sdk=iphoneos*]" = "iPhone Developer";
				COPY_PHASE_STRIP = NO;
				DEBUG_INFORMATION_FORMAT = "dwarf-with-dsym";
				ENABLE_NS_ASSERTIONS = NO;
				ENABLE_STRICT_OBJC_MSGSEND = YES;
				GCC_C_LANGUAGE_STANDARD = gnu99;
				GCC_NO_COMMON_BLOCKS = YES;
				GCC_WARN_64_TO_32_BIT_CONVERSION = YES;
				GCC_WARN_ABOUT_MISSING_NEWLINE = YES;
				GCC_WARN_ABOUT_RETURN_TYPE = YES_ERROR;
				GCC_WARN_UNDECLARED_SELECTOR = YES;
				GCC_WARN_UNINITIALIZED_AUTOS = YES_AGGRESSIVE;
				GCC_WARN_UNUSED_FUNCTION = YES;
				GCC_WARN_UNUSED_VARIABLE = YES;
				IPHONEOS_DEPLOYMENT_TARGET = 8.0;
				MTL_ENABLE_DEBUG_INFO = NO;
				SDKROOT = iphoneos;
				TARGETED_DEVICE_FAMILY = "1,2";
				VALIDATE_PRODUCT = YES;
			};
			name = Release;
		};
		F96B54441BB18B9D004B884D /* Debug */ = {
			isa = XCBuildConfiguration;
			baseConfigurationReference = FA112E9E3E8CBEC0B00ACFEC /* Pods-OriginateTheme-Example.debug.xcconfig */;
			buildSettings = {
				ASSETCATALOG_COMPILER_APPICON_NAME = AppIcon;
				INFOPLIST_FILE = OriginateTheme/Info.plist;
				IPHONEOS_DEPLOYMENT_TARGET = 8.0;
				LD_RUNPATH_SEARCH_PATHS = "$(inherited) @executable_path/Frameworks";
				PRODUCT_BUNDLE_IDENTIFIER = "org.cocoapods.demo.OriginateTheme-Example";
				PRODUCT_NAME = "$(TARGET_NAME)";
			};
			name = Debug;
		};
		F96B54451BB18B9D004B884D /* Release */ = {
			isa = XCBuildConfiguration;
			baseConfigurationReference = 32C57D80304FC228E215CCF3 /* Pods-OriginateTheme-Example.release.xcconfig */;
			buildSettings = {
				ASSETCATALOG_COMPILER_APPICON_NAME = AppIcon;
				INFOPLIST_FILE = OriginateTheme/Info.plist;
				IPHONEOS_DEPLOYMENT_TARGET = 8.0;
				LD_RUNPATH_SEARCH_PATHS = "$(inherited) @executable_path/Frameworks";
				PRODUCT_BUNDLE_IDENTIFIER = "org.cocoapods.demo.OriginateTheme-Example";
				PRODUCT_NAME = "$(TARGET_NAME)";
			};
			name = Release;
		};
/* End XCBuildConfiguration section */

/* Begin XCConfigurationList section */
		F96B541B1BB18B9D004B884D /* Build configuration list for PBXProject "OriginateTheme" */ = {
			isa = XCConfigurationList;
			buildConfigurations = (
				F96B54411BB18B9D004B884D /* Debug */,
				F96B54421BB18B9D004B884D /* Release */,
			);
			defaultConfigurationIsVisible = 0;
			defaultConfigurationName = Release;
		};
		F96B54431BB18B9D004B884D /* Build configuration list for PBXNativeTarget "OriginateTheme-Example" */ = {
			isa = XCConfigurationList;
			buildConfigurations = (
				F96B54441BB18B9D004B884D /* Debug */,
				F96B54451BB18B9D004B884D /* Release */,
			);
			defaultConfigurationIsVisible = 0;
			defaultConfigurationName = Release;
		};
/* End XCConfigurationList section */
	};
	rootObject = F96B54181BB18B9D004B884D /* Project object */;
}
